
Microsoft Visual Studio Solution File, Format Version 12.00
# Visual Studio Version 16
VisualStudioVersion = 16.0.31205.134
MinimumVisualStudioVersion = 10.0.40219.1
Project("{9A19103F-16F7-4668-BE54-9A1E7A4F7556}") = "PhotoApi", "PhotoApi\PhotoApi.csproj", "{FB641D3B-B1E5-445F-99EB-BE862B10FE0C}"
EndProject
Project("{9A19103F-16F7-4668-BE54-9A1E7A4F7556}") = "PhotoApi.Model", "PhotoApi.Model\PhotoApi.Model.csproj", "{1B1D7668-EE97-4143-A0A1-FD16F7C61A9C}"
EndProject
Project("{9A19103F-16F7-4668-BE54-9A1E7A4F7556}") = "PhotoApi.DataAccess", "PhotoApi.DataAccess\PhotoApi.DataAccess.csproj", "{B9126F07-35D9-4C8B-8D13-80C4C941016A}"
EndProject
Project("{9A19103F-16F7-4668-BE54-9A1E7A4F7556}") = "PhotoApi.ViewModel", "PhotoApi.ViewModel\PhotoApi.ViewModel.csproj", "{C1E1C283-8AFE-430C-81A5-CAFEB4040E0A}"
EndProject
Project("{9A19103F-16F7-4668-BE54-9A1E7A4F7556}") = "PhotoApi.Test", "PhotoApi.Test\PhotoApi.Test.csproj", "{606CF23C-1442-47A5-81A0-B91CD130B196}"
EndProject
Global
	GlobalSection(SolutionConfigurationPlatforms) = preSolution
		Debug|Any CPU = Debug|Any CPU
		Release|Any CPU = Release|Any CPU
	EndGlobalSection
	GlobalSection(ProjectConfigurationPlatforms) = postSolution
		{FB641D3B-B1E5-445F-99EB-BE862B10FE0C}.Debug|Any CPU.ActiveCfg = Debug|Any CPU
		{FB641D3B-B1E5-445F-99EB-BE862B10FE0C}.Debug|Any CPU.Build.0 = Debug|Any CPU
		{FB641D3B-B1E5-445F-99EB-BE862B10FE0C}.Release|Any CPU.ActiveCfg = Release|Any CPU
		{FB641D3B-B1E5-445F-99EB-BE862B10FE0C}.Release|Any CPU.Build.0 = Release|Any CPU
		{1B1D7668-EE97-4143-A0A1-FD16F7C61A9C}.Debug|Any CPU.ActiveCfg = Debug|Any CPU
		{1B1D7668-EE97-4143-A0A1-FD16F7C61A9C}.Debug|Any CPU.Build.0 = Debug|Any CPU
		{1B1D7668-EE97-4143-A0A1-FD16F7C61A9C}.Release|Any CPU.ActiveCfg = Release|Any CPU
		{1B1D7668-EE97-4143-A0A1-FD16F7C61A9C}.Release|Any CPU.Build.0 = Release|Any CPU
		{B9126F07-35D9-4C8B-8D13-80C4C941016A}.Debug|Any CPU.ActiveCfg = Debug|Any CPU
		{B9126F07-35D9-4C8B-8D13-80C4C941016A}.Debug|Any CPU.Build.0 = Debug|Any CPU
		{B9126F07-35D9-4C8B-8D13-80C4C941016A}.Release|Any CPU.ActiveCfg = Release|Any CPU
		{B9126F07-35D9-4C8B-8D13-80C4C941016A}.Release|Any CPU.Build.0 = Release|Any CPU
		{C1E1C283-8AFE-430C-81A5-CAFEB4040E0A}.Debug|Any CPU.ActiveCfg = Debug|Any CPU
		{C1E1C283-8AFE-430C-81A5-CAFEB4040E0A}.Debug|Any CPU.Build.0 = Debug|Any CPU
		{C1E1C283-8AFE-430C-81A5-CAFEB4040E0A}.Release|Any CPU.ActiveCfg = Release|Any CPU
		{C1E1C283-8AFE-430C-81A5-CAFEB4040E0A}.Release|Any CPU.Build.0 = Release|Any CPU
		{606CF23C-1442-47A5-81A0-B91CD130B196}.Debug|Any CPU.ActiveCfg = Debug|Any CPU
		{606CF23C-1442-47A5-81A0-B91CD130B196}.Debug|Any CPU.Build.0 = Debug|Any CPU
		{606CF23C-1442-47A5-81A0-B91CD130B196}.Release|Any CPU.ActiveCfg = Release|Any CPU
		{606CF23C-1442-47A5-81A0-B91CD130B196}.Release|Any CPU.Build.0 = Release|Any CPU
	EndGlobalSection
	GlobalSection(SolutionProperties) = preSolution
		HideSolutionNode = FALSE
	EndGlobalSection
	GlobalSection(ExtensibilityGlobals) = postSolution
		SolutionGuid = {1F219808-E6E8-4C1D-B846-41F2F7CF20FA}
	EndGlobalSection
EndGlobal
